// !$*UTF8*$!
{
	archiveVersion = 1;
	classes = {
	};
	objectVersion = 55;
	objects = {

/* Begin PBXBuildFile section */
		8981A6DE27C24AED0009882A /* CollectionViewCell.swift in Sources */ = {isa = PBXBuildFile; fileRef = 8981A6DD27C24AED0009882A /* CollectionViewCell.swift */; };
		8981A6E027C259700009882A /* ph1.jpg in Resources */ = {isa = PBXBuildFile; fileRef = 8981A6DF27C259700009882A /* ph1.jpg */; };
		8981A6E427C361160009882A /* NetworkManager.swift in Sources */ = {isa = PBXBuildFile; fileRef = 8981A6E327C361160009882A /* NetworkManager.swift */; };
		8981A6E627C368BD0009882A /* TargetAPI.swift in Sources */ = {isa = PBXBuildFile; fileRef = 8981A6E527C368BC0009882A /* TargetAPI.swift */; };
		8981A6E827C377F80009882A /* NetworkError.swift in Sources */ = {isa = PBXBuildFile; fileRef = 8981A6E727C377F80009882A /* NetworkError.swift */; };
		89BDCB2B27BA448200F8161F /* AppDelegate.swift in Sources */ = {isa = PBXBuildFile; fileRef = 89BDCB2A27BA448200F8161F /* AppDelegate.swift */; };
		89BDCB2D27BA448200F8161F /* SceneDelegate.swift in Sources */ = {isa = PBXBuildFile; fileRef = 89BDCB2C27BA448200F8161F /* SceneDelegate.swift */; };
		89BDCB2F27BA448200F8161F /* MainViewController.swift in Sources */ = {isa = PBXBuildFile; fileRef = 89BDCB2E27BA448200F8161F /* MainViewController.swift */; };
		89BDCB3427BA448400F8161F /* Assets.xcassets in Resources */ = {isa = PBXBuildFile; fileRef = 89BDCB3327BA448400F8161F /* Assets.xcassets */; };
		89BDCB3727BA448400F8161F /* LaunchScreen.storyboard in Resources */ = {isa = PBXBuildFile; fileRef = 89BDCB3527BA448400F8161F /* LaunchScreen.storyboard */; };
		89BDCB4027BA4CBB00F8161F /* Movie.swift in Sources */ = {isa = PBXBuildFile; fileRef = 89BDCB3F27BA4CBB00F8161F /* Movie.swift */; };
		89BDCB4227BA520800F8161F /* MovieList.swift in Sources */ = {isa = PBXBuildFile; fileRef = 89BDCB4127BA520800F8161F /* MovieList.swift */; };
/* End PBXBuildFile section */

/* Begin PBXFileReference section */
		8981A6DD27C24AED0009882A /* CollectionViewCell.swift */ = {isa = PBXFileReference; lastKnownFileType = sourcecode.swift; path = CollectionViewCell.swift; sourceTree = "<group>"; };
		8981A6DF27C259700009882A /* ph1.jpg */ = {isa = PBXFileReference; lastKnownFileType = image.jpeg; path = ph1.jpg; sourceTree = "<group>"; };
		8981A6E327C361160009882A /* NetworkManager.swift */ = {isa = PBXFileReference; lastKnownFileType = sourcecode.swift; path = NetworkManager.swift; sourceTree = "<group>"; };
		8981A6E527C368BC0009882A /* TargetAPI.swift */ = {isa = PBXFileReference; lastKnownFileType = sourcecode.swift; path = TargetAPI.swift; sourceTree = "<group>"; };
		8981A6E727C377F80009882A /* NetworkError.swift */ = {isa = PBXFileReference; lastKnownFileType = sourcecode.swift; path = NetworkError.swift; sourceTree = "<group>"; };
		89BDCB2727BA448200F8161F /* tmdb project.app */ = {isa = PBXFileReference; explicitFileType = wrapper.application; includeInIndex = 0; path = "tmdb project.app"; sourceTree = BUILT_PRODUCTS_DIR; };
		89BDCB2A27BA448200F8161F /* AppDelegate.swift */ = {isa = PBXFileReference; lastKnownFileType = sourcecode.swift; path = AppDelegate.swift; sourceTree = "<group>"; };
		89BDCB2C27BA448200F8161F /* SceneDelegate.swift */ = {isa = PBXFileReference; lastKnownFileType = sourcecode.swift; path = SceneDelegate.swift; sourceTree = "<group>"; };
		89BDCB2E27BA448200F8161F /* MainViewController.swift */ = {isa = PBXFileReference; lastKnownFileType = sourcecode.swift; path = MainViewController.swift; sourceTree = "<group>"; };
		89BDCB3327BA448400F8161F /* Assets.xcassets */ = {isa = PBXFileReference; lastKnownFileType = folder.assetcatalog; path = Assets.xcassets; sourceTree = "<group>"; };
		89BDCB3627BA448400F8161F /* Base */ = {isa = PBXFileReference; lastKnownFileType = file.storyboard; name = Base; path = Base.lproj/LaunchScreen.storyboard; sourceTree = "<group>"; };
		89BDCB3827BA448400F8161F /* Info.plist */ = {isa = PBXFileReference; lastKnownFileType = text.plist.xml; path = Info.plist; sourceTree = "<group>"; };
		89BDCB3F27BA4CBB00F8161F /* Movie.swift */ = {isa = PBXFileReference; lastKnownFileType = sourcecode.swift; path = Movie.swift; sourceTree = "<group>"; };
		89BDCB4127BA520800F8161F /* MovieList.swift */ = {isa = PBXFileReference; lastKnownFileType = sourcecode.swift; path = MovieList.swift; sourceTree = "<group>"; };
/* End PBXFileReference section */

/* Begin PBXFrameworksBuildPhase section */
		89BDCB2427BA448200F8161F /* Frameworks */ = {
			isa = PBXFrameworksBuildPhase;
			buildActionMask = 2147483647;
			files = (
			);
			runOnlyForDeploymentPostprocessing = 0;
		};
/* End PBXFrameworksBuildPhase section */

/* Begin PBXGroup section */
		8981A6E127C360E40009882A /* Controller */ = {
			isa = PBXGroup;
			children = (
				89BDCB2E27BA448200F8161F /* MainViewController.swift */,
			);
			path = Controller;
			sourceTree = "<group>";
		};
		8981A6E227C360FB0009882A /* Network */ = {
			isa = PBXGroup;
			children = (
				8981A6E327C361160009882A /* NetworkManager.swift */,
				8981A6E527C368BC0009882A /* TargetAPI.swift */,
				8981A6E727C377F80009882A /* NetworkError.swift */,
			);
			path = Network;
			sourceTree = "<group>";
		};
		89BDCB1E27BA448200F8161F = {
			isa = PBXGroup;
			children = (
				89BDCB2927BA448200F8161F /* tmdb project */,
				89BDCB2827BA448200F8161F /* Products */,
			);
			sourceTree = "<group>";
		};
		89BDCB2827BA448200F8161F /* Products */ = {
			isa = PBXGroup;
			children = (
				89BDCB2727BA448200F8161F /* tmdb project.app */,
			);
			name = Products;
			sourceTree = "<group>";
		};
		89BDCB2927BA448200F8161F /* tmdb project */ = {
			isa = PBXGroup;
			children = (
				8981A6E227C360FB0009882A /* Network */,
				89BDCB3E27BA4CA500F8161F /* Model */,
				89BDCB4727BCF97000F8161F /* View */,
				8981A6E127C360E40009882A /* Controller */,
				89BDCB3327BA448400F8161F /* Assets.xcassets */,
				89BDCB3527BA448400F8161F /* LaunchScreen.storyboard */,
				89BDCB2A27BA448200F8161F /* AppDelegate.swift */,
				89BDCB2C27BA448200F8161F /* SceneDelegate.swift */,
				89BDCB3827BA448400F8161F /* Info.plist */,
				8981A6DF27C259700009882A /* ph1.jpg */,
			);
			path = "tmdb project";
			sourceTree = "<group>";
		};
		89BDCB3E27BA4CA500F8161F /* Model */ = {
			isa = PBXGroup;
			children = (
				89BDCB3F27BA4CBB00F8161F /* Movie.swift */,
				89BDCB4127BA520800F8161F /* MovieList.swift */,
			);
			path = Model;
			sourceTree = "<group>";
		};
		89BDCB4727BCF97000F8161F /* View */ = {
			isa = PBXGroup;
			children = (
				8981A6DD27C24AED0009882A /* CollectionViewCell.swift */,
			);
			path = View;
			sourceTree = "<group>";
		};
/* End PBXGroup section */

/* Begin PBXNativeTarget section */
		89BDCB2627BA448200F8161F /* tmdb project */ = {
			isa = PBXNativeTarget;
			buildConfigurationList = 89BDCB3B27BA448400F8161F /* Build configuration list for PBXNativeTarget "tmdb project" */;
			buildPhases = (
				89BDCB2327BA448200F8161F /* Sources */,
				89BDCB2427BA448200F8161F /* Frameworks */,
				89BDCB2527BA448200F8161F /* Resources */,
			);
			buildRules = (
			);
			dependencies = (
			);
			name = "tmdb project";
			productName = "tmdb project";
			productReference = 89BDCB2727BA448200F8161F /* tmdb project.app */;
			productType = "com.apple.product-type.application";
		};
/* End PBXNativeTarget section */

/* Begin PBXProject section */
		89BDCB1F27BA448200F8161F /* Project object */ = {
			isa = PBXProject;
			attributes = {
				BuildIndependentTargetsInParallel = 1;
				LastSwiftUpdateCheck = 1310;
				LastUpgradeCheck = 1310;
				TargetAttributes = {
					89BDCB2627BA448200F8161F = {
						CreatedOnToolsVersion = 13.1;
					};
				};
			};
			buildConfigurationList = 89BDCB2227BA448200F8161F /* Build configuration list for PBXProject "tmdb project" */;
			compatibilityVersion = "Xcode 13.0";
			developmentRegion = en;
			hasScannedForEncodings = 0;
			knownRegions = (
				en,
				Base,
			);
			mainGroup = 89BDCB1E27BA448200F8161F;
			productRefGroup = 89BDCB2827BA448200F8161F /* Products */;
			projectDirPath = "";
			projectRoot = "";
			targets = (
				89BDCB2627BA448200F8161F /* tmdb project */,
			);
		};
/* End PBXProject section */

/* Begin PBXResourcesBuildPhase section */
		89BDCB2527BA448200F8161F /* Resources */ = {
			isa = PBXResourcesBuildPhase;
			buildActionMask = 2147483647;
			files = (
				8981A6E027C259700009882A /* ph1.jpg in Resources */,
				89BDCB3727BA448400F8161F /* LaunchScreen.storyboard in Resources */,
				89BDCB3427BA448400F8161F /* Assets.xcassets in Resources */,
			);
			runOnlyForDeploymentPostprocessing = 0;
		};
/* End PBXResourcesBuildPhase section */

/* Begin PBXSourcesBuildPhase section */
		89BDCB2327BA448200F8161F /* Sources */ = {
			isa = PBXSourcesBuildPhase;
			buildActionMask = 2147483647;
			files = (
				89BDCB4227BA520800F8161F /* MovieList.swift in Sources */,
				89BDCB2F27BA448200F8161F /* MainViewController.swift in Sources */,
				8981A6DE27C24AED0009882A /* CollectionViewCell.swift in Sources */,
				8981A6E427C361160009882A /* NetworkManager.swift in Sources */,
				8981A6E627C368BD0009882A /* TargetAPI.swift in Sources */,
				89BDCB2B27BA448200F8161F /* AppDelegate.swift in Sources */,
				8981A6E827C377F80009882A /* NetworkError.swift in Sources */,
				89BDCB4027BA4CBB00F8161F /* Movie.swift in Sources */,
				89BDCB2D27BA448200F8161F /* SceneDelegate.swift in Sources */,
			);
			runOnlyForDeploymentPostprocessing = 0;
		};
/* End PBXSourcesBuildPhase section */

/* Begin PBXVariantGroup section */
		89BDCB3527BA448400F8161F /* LaunchScreen.storyboard */ = {
			isa = PBXVariantGroup;
			children = (
				89BDCB3627BA448400F8161F /* Base */,
			);
			name = LaunchScreen.storyboard;
			sourceTree = "<group>";
		};
/* End PBXVariantGroup section */

/* Begin XCBuildConfiguration section */
		89BDCB3927BA448400F8161F /* Debug */ = {
			isa = XCBuildConfiguration;
			buildSettings = {
				ALWAYS_SEARCH_USER_PATHS = NO;
				CLANG_ANALYZER_NONNULL = YES;
				CLANG_ANALYZER_NUMBER_OBJECT_CONVERSION = YES_AGGRESSIVE;
				CLANG_CXX_LANGUAGE_STANDARD = "gnu++17";
				CLANG_CXX_LIBRARY = "libc++";
				CLANG_ENABLE_MODULES = YES;
				CLANG_ENABLE_OBJC_ARC = YES;
				CLANG_ENABLE_OBJC_WEAK = YES;
				CLANG_WARN_BLOCK_CAPTURE_AUTORELEASING = YES;
				CLANG_WARN_BOOL_CONVERSION = YES;
				CLANG_WARN_COMMA = YES;
				CLANG_WARN_CONSTANT_CONVERSION = YES;
				CLANG_WARN_DEPRECATED_OBJC_IMPLEMENTATIONS = YES;
				CLANG_WARN_DIRECT_OBJC_ISA_USAGE = YES_ERROR;
				CLANG_WARN_DOCUMENTATION_COMMENTS = YES;
				CLANG_WARN_EMPTY_BODY = YES;
				CLANG_WARN_ENUM_CONVERSION = YES;
				CLANG_WARN_INFINITE_RECURSION = YES;
				CLANG_WARN_INT_CONVERSION = YES;
				CLANG_WARN_NON_LITERAL_NULL_CONVERSION = YES;
				CLANG_WARN_OBJC_IMPLICIT_RETAIN_SELF = YES;
				CLANG_WARN_OBJC_LITERAL_CONVERSION = YES;
				CLANG_WARN_OBJC_ROOT_CLASS = YES_ERROR;
				CLANG_WARN_QUOTED_INCLUDE_IN_FRAMEWORK_HEADER = YES;
				CLANG_WARN_RANGE_LOOP_ANALYSIS = YES;
				CLANG_WARN_STRICT_PROTOTYPES = YES;
				CLANG_WARN_SUSPICIOUS_MOVE = YES;
				CLANG_WARN_UNGUARDED_AVAILABILITY = YES_AGGRESSIVE;
				CLANG_WARN_UNREACHABLE_CODE = YES;
				CLANG_WARN__DUPLICATE_METHOD_MATCH = YES;
				COPY_PHASE_STRIP = NO;
				DEBUG_INFORMATION_FORMAT = dwarf;
				ENABLE_STRICT_OBJC_MSGSEND = YES;
				ENABLE_TESTABILITY = YES;
				GCC_C_LANGUAGE_STANDARD = gnu11;
				GCC_DYNAMIC_NO_PIC = NO;
				GCC_NO_COMMON_BLOCKS = YES;
				GCC_OPTIMIZATION_LEVEL = 0;
				GCC_PREPROCESSOR_DEFINITIONS = (
					"DEBUG=1",
					"$(inherited)",
				);
				GCC_WARN_64_TO_32_BIT_CONVERSION = YES;
				GCC_WARN_ABOUT_RETURN_TYPE = YES_ERROR;
				GCC_WARN_UNDECLARED_SELECTOR = YES;
				GCC_WARN_UNINITIALIZED_AUTOS = YES_AGGRESSIVE;
				GCC_WARN_UNUSED_FUNCTION = YES;
				GCC_WARN_UNUSED_VARIABLE = YES;
				IPHONEOS_DEPLOYMENT_TARGET = 13.0;
				MTL_ENABLE_DEBUG_INFO = INCLUDE_SOURCE;
				MTL_FAST_MATH = YES;
				ONLY_ACTIVE_ARCH = YES;
				SDKROOT = iphoneos;
				SWIFT_ACTIVE_COMPILATION_CONDITIONS = DEBUG;
				SWIFT_OPTIMIZATION_LEVEL = "-Onone";
			};
			name = Debug;
		};
		89BDCB3A27BA448400F8161F /* Release */ = {
			isa = XCBuildConfiguration;
			buildSettings = {
				ALWAYS_SEARCH_USER_PATHS = NO;
				CLANG_ANALYZER_NONNULL = YES;
				CLANG_ANALYZER_NUMBER_OBJECT_CONVERSION = YES_AGGRESSIVE;
				CLANG_CXX_LANGUAGE_STANDARD = "gnu++17";
				CLANG_CXX_LIBRARY = "libc++";
				CLANG_ENABLE_MODULES = YES;
				CLANG_ENABLE_OBJC_ARC = YES;
				CLANG_ENABLE_OBJC_WEAK = YES;
				CLANG_WARN_BLOCK_CAPTURE_AUTORELEASING = YES;
				CLANG_WARN_BOOL_CONVERSION = YES;
				CLANG_WARN_COMMA = YES;
				CLANG_WARN_CONSTANT_CONVERSION = YES;
				CLANG_WARN_DEPRECATED_OBJC_IMPLEMENTATIONS = YES;
				CLANG_WARN_DIRECT_OBJC_ISA_USAGE = YES_ERROR;
				CLANG_WARN_DOCUMENTATION_COMMENTS = YES;
				CLANG_WARN_EMPTY_BODY = YES;
				CLANG_WARN_ENUM_CONVERSION = YES;
				CLANG_WARN_INFINITE_RECURSION = YES;
				CLANG_WARN_INT_CONVERSION = YES;
				CLANG_WARN_NON_LITERAL_NULL_CONVERSION = YES;
				CLANG_WARN_OBJC_IMPLICIT_RETAIN_SELF = YES;
				CLANG_WARN_OBJC_LITERAL_CONVERSION = YES;
				CLANG_WARN_OBJC_ROOT_CLASS = YES_ERROR;
				CLANG_WARN_QUOTED_INCLUDE_IN_FRAMEWORK_HEADER = YES;
				CLANG_WARN_RANGE_LOOP_ANALYSIS = YES;
				CLANG_WARN_STRICT_PROTOTYPES = YES;
				CLANG_WARN_SUSPICIOUS_MOVE = YES;
				CLANG_WARN_UNGUARDED_AVAILABILITY = YES_AGGRESSIVE;
				CLANG_WARN_UNREACHABLE_CODE = YES;
				CLANG_WARN__DUPLICATE_METHOD_MATCH = YES;
				COPY_PHASE_STRIP = NO;
				DEBUG_INFORMATION_FORMAT = "dwarf-with-dsym";
				ENABLE_NS_ASSERTIONS = NO;
				ENABLE_STRICT_OBJC_MSGSEND = YES;
				GCC_C_LANGUAGE_STANDARD = gnu11;
				GCC_NO_COMMON_BLOCKS = YES;
				GCC_WARN_64_TO_32_BIT_CONVERSION = YES;
				GCC_WARN_ABOUT_RETURN_TYPE = YES_ERROR;
				GCC_WARN_UNDECLARED_SELECTOR = YES;
				GCC_WARN_UNINITIALIZED_AUTOS = YES_AGGRESSIVE;
				GCC_WARN_UNUSED_FUNCTION = YES;
				GCC_WARN_UNUSED_VARIABLE = YES;
				IPHONEOS_DEPLOYMENT_TARGET = 13.0;
				MTL_ENABLE_DEBUG_INFO = NO;
				MTL_FAST_MATH = YES;
				SDKROOT = iphoneos;
				SWIFT_COMPILATION_MODE = wholemodule;
				SWIFT_OPTIMIZATION_LEVEL = "-O";
				VALIDATE_PRODUCT = YES;
			};
			name = Release;
		};
		89BDCB3C27BA448400F8161F /* Debug */ = {
			isa = XCBuildConfiguration;
			buildSettings = {
				ASSETCATALOG_COMPILER_APPICON_NAME = AppIcon;
				ASSETCATALOG_COMPILER_GLOBAL_ACCENT_COLOR_NAME = AccentColor;
				CODE_SIGN_STYLE = Automatic;
				CURRENT_PROJECT_VERSION = 1;
				DEVELOPMENT_TEAM = 67D46DJNPH;
				GENERATE_INFOPLIST_FILE = YES;
				INFOPLIST_FILE = "tmdb project/Info.plist";
				INFOPLIST_KEY_UIApplicationSupportsIndirectInputEvents = YES;
				INFOPLIST_KEY_UILaunchStoryboardName = LaunchScreen;
				INFOPLIST_KEY_UISupportedInterfaceOrientations_iPad = "UIInterfaceOrientationPortrait UIInterfaceOrientationPortraitUpsideDown UIInterfaceOrientationLandscapeLeft UIInterfaceOrientationLandscapeRight";
				INFOPLIST_KEY_UISupportedInterfaceOrientations_iPhone = "UIInterfaceOrientationPortrait UIInterfaceOrientationLandscapeLeft UIInterfaceOrientationLandscapeRight";
				IPHONEOS_DEPLOYMENT_TARGET = 13.0;
				LD_RUNPATH_SEARCH_PATHS = (
					"$(inherited)",
					"@executable_path/Frameworks",
				);
				MARKETING_VERSION = 1.0;
				PRODUCT_BUNDLE_IDENTIFIER = "com.yescoachdev.tmdb-project";
				PRODUCT_NAME = "$(TARGET_NAME)";
				SWIFT_EMIT_LOC_STRINGS = YES;
				SWIFT_VERSION = 5.0;
				TARGETED_DEVICE_FAMILY = "1,2";
			};
			name = Debug;
		};
		89BDCB3D27BA448400F8161F /* Release */ = {
			isa = XCBuildConfiguration;
			buildSettings = {
				ASSETCATALOG_COMPILER_APPICON_NAME = AppIcon;
				ASSETCATALOG_COMPILER_GLOBAL_ACCENT_COLOR_NAME = AccentColor;
				CODE_SIGN_STYLE = Automatic;
				CURRENT_PROJECT_VERSION = 1;
				DEVELOPMENT_TEAM = 67D46DJNPH;
				GENERATE_INFOPLIST_FILE = YES;
				INFOPLIST_FILE = "tmdb project/Info.plist";
				INFOPLIST_KEY_UIApplicationSupportsIndirectInputEvents = YES;
				INFOPLIST_KEY_UILaunchStoryboardName = LaunchScreen;
				INFOPLIST_KEY_UISupportedInterfaceOrientations_iPad = "UIInterfaceOrientationPortrait UIInterfaceOrientationPortraitUpsideDown UIInterfaceOrientationLandscapeLeft UIInterfaceOrientationLandscapeRight";
				INFOPLIST_KEY_UISupportedInterfaceOrientations_iPhone = "UIInterfaceOrientationPortrait UIInterfaceOrientationLandscapeLeft UIInterfaceOrientationLandscapeRight";
				IPHONEOS_DEPLOYMENT_TARGET = 13.0;
				LD_RUNPATH_SEARCH_PATHS = (
					"$(inherited)",
					"@executable_path/Frameworks",
				);
				MARKETING_VERSION = 1.0;
				PRODUCT_BUNDLE_IDENTIFIER = "com.yescoachdev.tmdb-project";
				PRODUCT_NAME = "$(TARGET_NAME)";
				SWIFT_EMIT_LOC_STRINGS = YES;
				SWIFT_VERSION = 5.0;
				TARGETED_DEVICE_FAMILY = "1,2";
			};
			name = Release;
		};
/* End XCBuildConfiguration section */

/* Begin XCConfigurationList section */
		89BDCB2227BA448200F8161F /* Build configuration list for PBXProject "tmdb project" */ = {
			isa = XCConfigurationList;
			buildConfigurations = (
				89BDCB3927BA448400F8161F /* Debug */,
				89BDCB3A27BA448400F8161F /* Release */,
			);
			defaultConfigurationIsVisible = 0;
			defaultConfigurationName = Release;
		};
		89BDCB3B27BA448400F8161F /* Build configuration list for PBXNativeTarget "tmdb project" */ = {
			isa = XCConfigurationList;
			buildConfigurations = (
				89BDCB3C27BA448400F8161F /* Debug */,
				89BDCB3D27BA448400F8161F /* Release */,
			);
			defaultConfigurationIsVisible = 0;
			defaultConfigurationName = Release;
		};
/* End XCConfigurationList section */
	};
	rootObject = 89BDCB1F27BA448200F8161F /* Project object */;
}
